
Microsoft Visual Studio Solution File, Format Version 12.00
# Visual Studio Version 17
VisualStudioVersion = 17.3.32929.385
MinimumVisualStudioVersion = 10.0.40219.1
Project("{FAE04EC0-301F-11D3-BF4B-00C04F79EFBC}") = "TestApp", "TestApp\TestApp.csproj", "{DA258599-575A-4174-BD62-7A43F209EAE4}"
EndProject
Project("{FAE04EC0-301F-11D3-BF4B-00C04F79EFBC}") = "Host", "Host\Host.csproj", "{2E670409-8016-4762-83DD-616374E8F768}"
EndProject
Project("{FAE04EC0-301F-11D3-BF4B-00C04F79EFBC}") = "ClientInterface", "ClientInterface\ClientInterface.csproj", "{EA9B19C4-7C3A-4402-87A8-93F46C952FBD}"
EndProject
Global
	GlobalSection(SolutionConfigurationPlatforms) = preSolution
		Debug|Any CPU = Debug|Any CPU
		Release|Any CPU = Release|Any CPU
	EndGlobalSection
	GlobalSection(ProjectConfigurationPlatforms) = postSolution
		{DA258599-575A-4174-BD62-7A43F209EAE4}.Debug|Any CPU.ActiveCfg = Debug|Any CPU
		{DA258599-575A-4174-BD62-7A43F209EAE4}.Debug|Any CPU.Build.0 = Debug|Any CPU
		{DA258599-575A-4174-BD62-7A43F209EAE4}.Release|Any CPU.ActiveCfg = Release|Any CPU
		{DA258599-575A-4174-BD62-7A43F209EAE4}.Release|Any CPU.Build.0 = Release|Any CPU
		{2E670409-8016-4762-83DD-616374E8F768}.Debug|Any CPU.ActiveCfg = Debug|Any CPU
		{2E670409-8016-4762-83DD-616374E8F768}.Debug|Any CPU.Build.0 = Debug|Any CPU
		{2E670409-8016-4762-83DD-616374E8F768}.Release|Any CPU.ActiveCfg = Release|Any CPU
		{2E670409-8016-4762-83DD-616374E8F768}.Release|Any CPU.Build.0 = Release|Any CPU
		{EA9B19C4-7C3A-4402-87A8-93F46C952FBD}.Debug|Any CPU.ActiveCfg = Debug|Any CPU
		{EA9B19C4-7C3A-4402-87A8-93F46C952FBD}.Debug|Any CPU.Build.0 = Debug|Any CPU
		{EA9B19C4-7C3A-4402-87A8-93F46C952FBD}.Release|Any CPU.ActiveCfg = Release|Any CPU
		{EA9B19C4-7C3A-4402-87A8-93F46C952FBD}.Release|Any CPU.Build.0 = Release|Any CPU
	EndGlobalSection
	GlobalSection(SolutionProperties) = preSolution
		HideSolutionNode = FALSE
	EndGlobalSection
	GlobalSection(ExtensibilityGlobals) = postSolution
		SolutionGuid = {388B5895-04B2-46BB-9181-B62AF1508734}
	EndGlobalSection
EndGlobal
